
Microsoft Visual Studio Solution File, Format Version 12.00
# Visual Studio Version 16
VisualStudioVersion = 16.0.31424.327
MinimumVisualStudioVersion = 10.0.40219.1
Project("{FAE04EC0-301F-11D3-BF4B-00C04F79EFBC}") = "TicTacToeProblem", "TicTacToeProblem\TicTacToeProblem.csproj", "{F4B94D58-2E5D-4C7C-B4B2-249B15A589BB}"
EndProject
Global
	GlobalSection(SolutionConfigurationPlatforms) = preSolution
		Debug|Any CPU = Debug|Any CPU
		Release|Any CPU = Release|Any CPU
	EndGlobalSection
	GlobalSection(ProjectConfigurationPlatforms) = postSolution
		{F4B94D58-2E5D-4C7C-B4B2-249B15A589BB}.Debug|Any CPU.ActiveCfg = Debug|Any CPU
		{F4B94D58-2E5D-4C7C-B4B2-249B15A589BB}.Debug|Any CPU.Build.0 = Debug|Any CPU
		{F4B94D58-2E5D-4C7C-B4B2-249B15A589BB}.Release|Any CPU.ActiveCfg = Release|Any CPU
		{F4B94D58-2E5D-4C7C-B4B2-249B15A589BB}.Release|Any CPU.Build.0 = Release|Any CPU
	EndGlobalSection
	GlobalSection(SolutionProperties) = preSolution
		HideSolutionNode = FALSE
	EndGlobalSection
	GlobalSection(ExtensibilityGlobals) = postSolution
		SolutionGuid = {B948B7EA-121D-43E8-ACCA-458254D321FB}
	EndGlobalSection
EndGlobal
